
Microsoft Visual Studio Solution File, Format Version 12.00
# Visual Studio Version 17
VisualStudioVersion = 17.7.34003.232
MinimumVisualStudioVersion = 10.0.40219.1
Project("{2150E333-8FDC-42A3-9474-1A3956D46DE8}") = "Services", "Services", "{3D64C3DB-38B7-43E5-98A0-81C331E84CB4}"
EndProject
Project("{2150E333-8FDC-42A3-9474-1A3956D46DE8}") = "ContactAPI", "ContactAPI", "{0F134E7F-3B09-49CC-84AA-48982C23A543}"
EndProject
Project("{2150E333-8FDC-42A3-9474-1A3956D46DE8}") = "ReservationAPI", "ReservationAPI", "{844E2308-1F9C-4234-9A7E-6DAF0E3FB571}"
EndProject
Project("{9A19103F-16F7-4668-BE54-9A1E7A4F7556}") = "Contact.API", "Services\ContactAPI\Contact.API\Contact.API.csproj", "{52B3952E-2DB7-43F5-882E-596B5695D75D}"
EndProject
Project("{9A19103F-16F7-4668-BE54-9A1E7A4F7556}") = "Contact.API.Infrustructure", "Services\ContactAPI\Contact.API.Infrustructure\Contact.API.Infrustructure.csproj", "{296A0C04-B567-44D4-A6C0-A71F14565C58}"
EndProject
Project("{9A19103F-16F7-4668-BE54-9A1E7A4F7556}") = "Contact.API.Models", "Services\ContactAPI\Contact.API.Models\Contact.API.Models.csproj", "{B5A4908B-14F1-4549-902D-74B24A22B035}"
EndProject
Project("{9A19103F-16F7-4668-BE54-9A1E7A4F7556}") = "Contact.API.Services", "Services\ContactAPI\Contact.API.Services\Contact.API.Services.csproj", "{B09117FB-645F-4825-BF41-F70FABE6859C}"
EndProject
Project("{9A19103F-16F7-4668-BE54-9A1E7A4F7556}") = "Reservation.API", "Services\ReservationAPI\Reservation.API\Reservation.API.csproj", "{1C8C6836-7950-4A3B-BE5E-3D5748CF7654}"
EndProject
Project("{9A19103F-16F7-4668-BE54-9A1E7A4F7556}") = "Reservation.API.Infrustructure", "Services\ReservationAPI\Reservation.API.Infrustructure\Reservation.API.Infrustructure.csproj", "{1F6F1D6B-49B1-4D44-AD99-6E257A0DC920}"
EndProject
Project("{9A19103F-16F7-4668-BE54-9A1E7A4F7556}") = "Reservation.API.Models", "Services\ReservationAPI\Reservation.API.Models\Reservation.API.Models.csproj", "{E39D38EF-2F5E-424D-BB5C-18A0A260F5D6}"
EndProject
Project("{9A19103F-16F7-4668-BE54-9A1E7A4F7556}") = "Reservation.API.Services", "Services\ReservationAPI\Reservation.API.Services\Reservation.API.Services.csproj", "{E90CBFD1-23E9-4B9B-853C-9989EB64C0FC}"
EndProject
Project("{2150E333-8FDC-42A3-9474-1A3956D46DE8}") = "Solution Items", "Solution Items", "{19321E53-5584-4793-9275-37C3EEDD38DE}"
	ProjectSection(SolutionItems) = preProject
		docker-compose.yml = docker-compose.yml
	EndProjectSection
EndProject
Project("{9A19103F-16F7-4668-BE54-9A1E7A4F7556}") = "Azat.ApiGateway", "Azat.ApiGateway\Azat.ApiGateway.csproj", "{D7171E3F-1D36-43E2-BFCF-F6C7C6470837}"
EndProject
Project("{2150E333-8FDC-42A3-9474-1A3956D46DE8}") = "Core", "Core", "{0ED62E58-0444-4722-83E2-6DE16AD0ADD1}"
EndProject
Project("{9A19103F-16F7-4668-BE54-9A1E7A4F7556}") = "Core.WebAPI", "Core\Core.WebAPI\Core.WebAPI.csproj", "{FBCB3E9B-E945-41D2-A1E1-619042BA6591}"
EndProject
Project("{9A19103F-16F7-4668-BE54-9A1E7A4F7556}") = "Core.Security", "Core\Core.Security\Core.Security.csproj", "{B8155363-7542-4742-AE81-2C67787566DD}"
EndProject
Project("{9A19103F-16F7-4668-BE54-9A1E7A4F7556}") = "Core.Persistence", "Core\Core.Persistence\Core.Persistence.csproj", "{3D3C5F91-309E-4FB5-BFAE-FF75117EFB5E}"
EndProject
Project("{9A19103F-16F7-4668-BE54-9A1E7A4F7556}") = "Core.Application", "Core\Core.Application\Core.Application.csproj", "{9E720C18-1170-4C55-8CAF-2D5DD58B0F64}"
EndProject
Project("{9A19103F-16F7-4668-BE54-9A1E7A4F7556}") = "Core.CrossCuttingConcerns", "Core\Core.CrossCuttingConcerns\Core.CrossCuttingConcerns.csproj", "{A30E9D9A-152B-48FE-BA3A-4CDCA05F83CA}"
EndProject
Project("{9A19103F-16F7-4668-BE54-9A1E7A4F7556}") = "Core.Mailing", "Core\Core.Mailing\Core.Mailing.csproj", "{6A1DD756-FA8C-4FEC-BE5C-FB8039F681BE}"
EndProject
Project("{9A19103F-16F7-4668-BE54-9A1E7A4F7556}") = "Core.ElasticSearch", "Core\Core.ElasticSearch\Core.ElasticSearch.csproj", "{BD12D0E1-04B6-4400-8162-6AB91A861952}"
EndProject
Project("{9A19103F-16F7-4668-BE54-9A1E7A4F7556}") = "Gateway", "Gateway\Gateway.csproj", "{C26F943F-D491-49C1-A446-F8A5005BB31A}"
EndProject
Project("{2150E333-8FDC-42A3-9474-1A3956D46DE8}") = "AuthAPI", "AuthAPI", "{C4D478A1-D602-4282-8A26-F62337E3AE3A}"
EndProject
Project("{FAE04EC0-301F-11D3-BF4B-00C04F79EFBC}") = "Auth.API", "Services\AuthAPI\Auth.API\Auth.API.csproj", "{AC4489B7-0133-4412-85A7-71AD4D9CDA3D}"
EndProject
Global
	GlobalSection(SolutionConfigurationPlatforms) = preSolution
		Debug|Any CPU = Debug|Any CPU
		Release|Any CPU = Release|Any CPU
	EndGlobalSection
	GlobalSection(ProjectConfigurationPlatforms) = postSolution
		{52B3952E-2DB7-43F5-882E-596B5695D75D}.Debug|Any CPU.ActiveCfg = Debug|Any CPU
		{52B3952E-2DB7-43F5-882E-596B5695D75D}.Debug|Any CPU.Build.0 = Debug|Any CPU
		{52B3952E-2DB7-43F5-882E-596B5695D75D}.Release|Any CPU.ActiveCfg = Release|Any CPU
		{52B3952E-2DB7-43F5-882E-596B5695D75D}.Release|Any CPU.Build.0 = Release|Any CPU
		{296A0C04-B567-44D4-A6C0-A71F14565C58}.Debug|Any CPU.ActiveCfg = Debug|Any CPU
		{296A0C04-B567-44D4-A6C0-A71F14565C58}.Debug|Any CPU.Build.0 = Debug|Any CPU
		{296A0C04-B567-44D4-A6C0-A71F14565C58}.Release|Any CPU.ActiveCfg = Release|Any CPU
		{296A0C04-B567-44D4-A6C0-A71F14565C58}.Release|Any CPU.Build.0 = Release|Any CPU
		{B5A4908B-14F1-4549-902D-74B24A22B035}.Debug|Any CPU.ActiveCfg = Debug|Any CPU
		{B5A4908B-14F1-4549-902D-74B24A22B035}.Debug|Any CPU.Build.0 = Debug|Any CPU
		{B5A4908B-14F1-4549-902D-74B24A22B035}.Release|Any CPU.ActiveCfg = Release|Any CPU
		{B5A4908B-14F1-4549-902D-74B24A22B035}.Release|Any CPU.Build.0 = Release|Any CPU
		{B09117FB-645F-4825-BF41-F70FABE6859C}.Debug|Any CPU.ActiveCfg = Debug|Any CPU
		{B09117FB-645F-4825-BF41-F70FABE6859C}.Debug|Any CPU.Build.0 = Debug|Any CPU
		{B09117FB-645F-4825-BF41-F70FABE6859C}.Release|Any CPU.ActiveCfg = Release|Any CPU
		{B09117FB-645F-4825-BF41-F70FABE6859C}.Release|Any CPU.Build.0 = Release|Any CPU
		{1C8C6836-7950-4A3B-BE5E-3D5748CF7654}.Debug|Any CPU.ActiveCfg = Debug|Any CPU
		{1C8C6836-7950-4A3B-BE5E-3D5748CF7654}.Debug|Any CPU.Build.0 = Debug|Any CPU
		{1C8C6836-7950-4A3B-BE5E-3D5748CF7654}.Release|Any CPU.ActiveCfg = Release|Any CPU
		{1C8C6836-7950-4A3B-BE5E-3D5748CF7654}.Release|Any CPU.Build.0 = Release|Any CPU
		{1F6F1D6B-49B1-4D44-AD99-6E257A0DC920}.Debug|Any CPU.ActiveCfg = Debug|Any CPU
		{1F6F1D6B-49B1-4D44-AD99-6E257A0DC920}.Debug|Any CPU.Build.0 = Debug|Any CPU
		{1F6F1D6B-49B1-4D44-AD99-6E257A0DC920}.Release|Any CPU.ActiveCfg = Release|Any CPU
		{1F6F1D6B-49B1-4D44-AD99-6E257A0DC920}.Release|Any CPU.Build.0 = Release|Any CPU
		{E39D38EF-2F5E-424D-BB5C-18A0A260F5D6}.Debug|Any CPU.ActiveCfg = Debug|Any CPU
		{E39D38EF-2F5E-424D-BB5C-18A0A260F5D6}.Debug|Any CPU.Build.0 = Debug|Any CPU
		{E39D38EF-2F5E-424D-BB5C-18A0A260F5D6}.Release|Any CPU.ActiveCfg = Release|Any CPU
		{E39D38EF-2F5E-424D-BB5C-18A0A260F5D6}.Release|Any CPU.Build.0 = Release|Any CPU
		{E90CBFD1-23E9-4B9B-853C-9989EB64C0FC}.Debug|Any CPU.ActiveCfg = Debug|Any CPU
		{E90CBFD1-23E9-4B9B-853C-9989EB64C0FC}.Debug|Any CPU.Build.0 = Debug|Any CPU
		{E90CBFD1-23E9-4B9B-853C-9989EB64C0FC}.Release|Any CPU.ActiveCfg = Release|Any CPU
		{E90CBFD1-23E9-4B9B-853C-9989EB64C0FC}.Release|Any CPU.Build.0 = Release|Any CPU
		{D7171E3F-1D36-43E2-BFCF-F6C7C6470837}.Debug|Any CPU.ActiveCfg = Debug|Any CPU
		{D7171E3F-1D36-43E2-BFCF-F6C7C6470837}.Debug|Any CPU.Build.0 = Debug|Any CPU
		{D7171E3F-1D36-43E2-BFCF-F6C7C6470837}.Release|Any CPU.ActiveCfg = Release|Any CPU
		{D7171E3F-1D36-43E2-BFCF-F6C7C6470837}.Release|Any CPU.Build.0 = Release|Any CPU
		{FBCB3E9B-E945-41D2-A1E1-619042BA6591}.Debug|Any CPU.ActiveCfg = Debug|Any CPU
		{FBCB3E9B-E945-41D2-A1E1-619042BA6591}.Debug|Any CPU.Build.0 = Debug|Any CPU
		{FBCB3E9B-E945-41D2-A1E1-619042BA6591}.Release|Any CPU.ActiveCfg = Release|Any CPU
		{FBCB3E9B-E945-41D2-A1E1-619042BA6591}.Release|Any CPU.Build.0 = Release|Any CPU
		{B8155363-7542-4742-AE81-2C67787566DD}.Debug|Any CPU.ActiveCfg = Debug|Any CPU
		{B8155363-7542-4742-AE81-2C67787566DD}.Debug|Any CPU.Build.0 = Debug|Any CPU
		{B8155363-7542-4742-AE81-2C67787566DD}.Release|Any CPU.ActiveCfg = Release|Any CPU
		{B8155363-7542-4742-AE81-2C67787566DD}.Release|Any CPU.Build.0 = Release|Any CPU
		{3D3C5F91-309E-4FB5-BFAE-FF75117EFB5E}.Debug|Any CPU.ActiveCfg = Debug|Any CPU
		{3D3C5F91-309E-4FB5-BFAE-FF75117EFB5E}.Debug|Any CPU.Build.0 = Debug|Any CPU
		{3D3C5F91-309E-4FB5-BFAE-FF75117EFB5E}.Release|Any CPU.ActiveCfg = Release|Any CPU
		{3D3C5F91-309E-4FB5-BFAE-FF75117EFB5E}.Release|Any CPU.Build.0 = Release|Any CPU
		{9E720C18-1170-4C55-8CAF-2D5DD58B0F64}.Debug|Any CPU.ActiveCfg = Debug|Any CPU
		{9E720C18-1170-4C55-8CAF-2D5DD58B0F64}.Debug|Any CPU.Build.0 = Debug|Any CPU
		{9E720C18-1170-4C55-8CAF-2D5DD58B0F64}.Release|Any CPU.ActiveCfg = Release|Any CPU
		{9E720C18-1170-4C55-8CAF-2D5DD58B0F64}.Release|Any CPU.Build.0 = Release|Any CPU
		{A30E9D9A-152B-48FE-BA3A-4CDCA05F83CA}.Debug|Any CPU.ActiveCfg = Debug|Any CPU
		{A30E9D9A-152B-48FE-BA3A-4CDCA05F83CA}.Debug|Any CPU.Build.0 = Debug|Any CPU
		{A30E9D9A-152B-48FE-BA3A-4CDCA05F83CA}.Release|Any CPU.ActiveCfg = Release|Any CPU
		{A30E9D9A-152B-48FE-BA3A-4CDCA05F83CA}.Release|Any CPU.Build.0 = Release|Any CPU
		{6A1DD756-FA8C-4FEC-BE5C-FB8039F681BE}.Debug|Any CPU.ActiveCfg = Debug|Any CPU
		{6A1DD756-FA8C-4FEC-BE5C-FB8039F681BE}.Debug|Any CPU.Build.0 = Debug|Any CPU
		{6A1DD756-FA8C-4FEC-BE5C-FB8039F681BE}.Release|Any CPU.ActiveCfg = Release|Any CPU
		{6A1DD756-FA8C-4FEC-BE5C-FB8039F681BE}.Release|Any CPU.Build.0 = Release|Any CPU
		{BD12D0E1-04B6-4400-8162-6AB91A861952}.Debug|Any CPU.ActiveCfg = Debug|Any CPU
		{BD12D0E1-04B6-4400-8162-6AB91A861952}.Debug|Any CPU.Build.0 = Debug|Any CPU
		{BD12D0E1-04B6-4400-8162-6AB91A861952}.Release|Any CPU.ActiveCfg = Release|Any CPU
		{BD12D0E1-04B6-4400-8162-6AB91A861952}.Release|Any CPU.Build.0 = Release|Any CPU
		{C26F943F-D491-49C1-A446-F8A5005BB31A}.Debug|Any CPU.ActiveCfg = Debug|Any CPU
		{C26F943F-D491-49C1-A446-F8A5005BB31A}.Debug|Any CPU.Build.0 = Debug|Any CPU
		{C26F943F-D491-49C1-A446-F8A5005BB31A}.Release|Any CPU.ActiveCfg = Release|Any CPU
		{C26F943F-D491-49C1-A446-F8A5005BB31A}.Release|Any CPU.Build.0 = Release|Any CPU
		{AC4489B7-0133-4412-85A7-71AD4D9CDA3D}.Debug|Any CPU.ActiveCfg = Debug|Any CPU
		{AC4489B7-0133-4412-85A7-71AD4D9CDA3D}.Debug|Any CPU.Build.0 = Debug|Any CPU
		{AC4489B7-0133-4412-85A7-71AD4D9CDA3D}.Release|Any CPU.ActiveCfg = Release|Any CPU
		{AC4489B7-0133-4412-85A7-71AD4D9CDA3D}.Release|Any CPU.Build.0 = Release|Any CPU
	EndGlobalSection
	GlobalSection(SolutionProperties) = preSolution
		HideSolutionNode = FALSE
	EndGlobalSection
	GlobalSection(NestedProjects) = preSolution
		{0F134E7F-3B09-49CC-84AA-48982C23A543} = {3D64C3DB-38B7-43E5-98A0-81C331E84CB4}
		{844E2308-1F9C-4234-9A7E-6DAF0E3FB571} = {3D64C3DB-38B7-43E5-98A0-81C331E84CB4}
		{52B3952E-2DB7-43F5-882E-596B5695D75D} = {0F134E7F-3B09-49CC-84AA-48982C23A543}
		{296A0C04-B567-44D4-A6C0-A71F14565C58} = {0F134E7F-3B09-49CC-84AA-48982C23A543}
		{B5A4908B-14F1-4549-902D-74B24A22B035} = {0F134E7F-3B09-49CC-84AA-48982C23A543}
		{B09117FB-645F-4825-BF41-F70FABE6859C} = {0F134E7F-3B09-49CC-84AA-48982C23A543}
		{1C8C6836-7950-4A3B-BE5E-3D5748CF7654} = {844E2308-1F9C-4234-9A7E-6DAF0E3FB571}
		{1F6F1D6B-49B1-4D44-AD99-6E257A0DC920} = {844E2308-1F9C-4234-9A7E-6DAF0E3FB571}
		{E39D38EF-2F5E-424D-BB5C-18A0A260F5D6} = {844E2308-1F9C-4234-9A7E-6DAF0E3FB571}
		{E90CBFD1-23E9-4B9B-853C-9989EB64C0FC} = {844E2308-1F9C-4234-9A7E-6DAF0E3FB571}
		{FBCB3E9B-E945-41D2-A1E1-619042BA6591} = {0ED62E58-0444-4722-83E2-6DE16AD0ADD1}
		{B8155363-7542-4742-AE81-2C67787566DD} = {0ED62E58-0444-4722-83E2-6DE16AD0ADD1}
		{3D3C5F91-309E-4FB5-BFAE-FF75117EFB5E} = {0ED62E58-0444-4722-83E2-6DE16AD0ADD1}
		{9E720C18-1170-4C55-8CAF-2D5DD58B0F64} = {0ED62E58-0444-4722-83E2-6DE16AD0ADD1}
		{A30E9D9A-152B-48FE-BA3A-4CDCA05F83CA} = {0ED62E58-0444-4722-83E2-6DE16AD0ADD1}
		{6A1DD756-FA8C-4FEC-BE5C-FB8039F681BE} = {0ED62E58-0444-4722-83E2-6DE16AD0ADD1}
		{BD12D0E1-04B6-4400-8162-6AB91A861952} = {0ED62E58-0444-4722-83E2-6DE16AD0ADD1}
		{C4D478A1-D602-4282-8A26-F62337E3AE3A} = {3D64C3DB-38B7-43E5-98A0-81C331E84CB4}
		{AC4489B7-0133-4412-85A7-71AD4D9CDA3D} = {C4D478A1-D602-4282-8A26-F62337E3AE3A}
	EndGlobalSection
	GlobalSection(ExtensibilityGlobals) = postSolution
		SolutionGuid = {DB864502-1D09-4CE8-B2F2-2B6925CE1AC9}
	EndGlobalSection
EndGlobal
